{
  "name": "find-common-elements",
  "version": "1.0.0",
  "lockfileVersion": 3,
  "requires": true,
  "packages": {
    "": {
      "name": "find-common-elements",
      "version": "1.0.0",
      "license": "ISC",
      "dependencies": {
        "mitata": "^1.0.34",
        "tinybench": "^3.1.1"
      }
    },
    "node_modules/mitata": {
      "version": "1.0.34",
      "resolved": "https://registry.npmjs.org/mitata/-/mitata-1.0.34.tgz",
      "integrity": "sha512-Mc3zrtNBKIMeHSCQ0XqRLo1vbdIx1wvFV9c8NJAiyho6AjNfMY8bVhbS12bwciUdd1t4rj8099CH3N3NFahaUA==",
      "license": "MIT"
    },
    "node_modules/tinybench": {
      "version": "3.1.1",
      "resolved": "https://registry.npmjs.org/tinybench/-/tinybench-3.1.1.tgz",
      "integrity": "sha512-74pmf47HY/bHqamcCMGris+1AtGGsqTZ3Hc/UK4QvSmRuf/9PIF9753+c8XBh7JfX2r9KeZtVjOYjd6vFpc0qQ==",
      "license": "MIT",
      "engines": {
        "node": ">=18.0.0"
      }
    }
  }
}
